
Microsoft Visual Studio Solution File, Format Version 12.00
# Visual Studio 2013
VisualStudioVersion = 12.0.31101.0
MinimumVisualStudioVersion = 10.0.40219.1
Project("{FAE04EC0-301F-11D3-BF4B-00C04F79EFBC}") = "WpfLearning", "WpfLearning\WpfLearning.csproj", "{1E116780-F38D-4F08-B9D7-0F1A9C06E9F7}"
EndProject
Project("{FAE04EC0-301F-11D3-BF4B-00C04F79EFBC}") = "DataBinding", "DataBinding\DataBinding.csproj", "{907DDD39-6448-4504-9C0C-5A37099EAFCA}"
EndProject
Project("{FAE04EC0-301F-11D3-BF4B-00C04F79EFBC}") = "IoOperations", "IoOperations\IoOperations.csproj", "{F5CADBCB-0CA2-438B-AB1B-1839428B519B}"
EndProject
Project("{FAE04EC0-301F-11D3-BF4B-00C04F79EFBC}") = "PanelsAndLayout", "PanelsAndLayout\PanelsAndLayout.csproj", "{EA87B459-4D72-4D61-96C0-86C4CAB8C8E3}"
EndProject
Project("{2150E333-8FDC-42A3-9474-1A3956D46DE8}") = "CSharpLearning", "CSharpLearning", "{D3031DAE-90BA-4C60-8CBF-FB08BCA7873D}"
EndProject
Project("{FAE04EC0-301F-11D3-BF4B-00C04F79EFBC}") = "CSharpBasic", "CSharpLearning\CSharpBasic\CSharpBasic.csproj", "{CADF22DA-A5CA-42EC-8E2E-885C4A1720CB}"
EndProject
Global
	GlobalSection(SolutionConfigurationPlatforms) = preSolution
		Debug|Any CPU = Debug|Any CPU
		Release|Any CPU = Release|Any CPU
	EndGlobalSection
	GlobalSection(ProjectConfigurationPlatforms) = postSolution
		{1E116780-F38D-4F08-B9D7-0F1A9C06E9F7}.Debug|Any CPU.ActiveCfg = Debug|Any CPU
		{1E116780-F38D-4F08-B9D7-0F1A9C06E9F7}.Debug|Any CPU.Build.0 = Debug|Any CPU
		{1E116780-F38D-4F08-B9D7-0F1A9C06E9F7}.Release|Any CPU.ActiveCfg = Release|Any CPU
		{1E116780-F38D-4F08-B9D7-0F1A9C06E9F7}.Release|Any CPU.Build.0 = Release|Any CPU
		{907DDD39-6448-4504-9C0C-5A37099EAFCA}.Debug|Any CPU.ActiveCfg = Debug|Any CPU
		{907DDD39-6448-4504-9C0C-5A37099EAFCA}.Debug|Any CPU.Build.0 = Debug|Any CPU
		{907DDD39-6448-4504-9C0C-5A37099EAFCA}.Release|Any CPU.ActiveCfg = Release|Any CPU
		{907DDD39-6448-4504-9C0C-5A37099EAFCA}.Release|Any CPU.Build.0 = Release|Any CPU
		{F5CADBCB-0CA2-438B-AB1B-1839428B519B}.Debug|Any CPU.ActiveCfg = Debug|Any CPU
		{F5CADBCB-0CA2-438B-AB1B-1839428B519B}.Debug|Any CPU.Build.0 = Debug|Any CPU
		{F5CADBCB-0CA2-438B-AB1B-1839428B519B}.Release|Any CPU.ActiveCfg = Release|Any CPU
		{F5CADBCB-0CA2-438B-AB1B-1839428B519B}.Release|Any CPU.Build.0 = Release|Any CPU
		{EA87B459-4D72-4D61-96C0-86C4CAB8C8E3}.Debug|Any CPU.ActiveCfg = Debug|Any CPU
		{EA87B459-4D72-4D61-96C0-86C4CAB8C8E3}.Debug|Any CPU.Build.0 = Debug|Any CPU
		{EA87B459-4D72-4D61-96C0-86C4CAB8C8E3}.Release|Any CPU.ActiveCfg = Release|Any CPU
		{EA87B459-4D72-4D61-96C0-86C4CAB8C8E3}.Release|Any CPU.Build.0 = Release|Any CPU
		{CADF22DA-A5CA-42EC-8E2E-885C4A1720CB}.Debug|Any CPU.ActiveCfg = Debug|Any CPU
		{CADF22DA-A5CA-42EC-8E2E-885C4A1720CB}.Debug|Any CPU.Build.0 = Debug|Any CPU
		{CADF22DA-A5CA-42EC-8E2E-885C4A1720CB}.Release|Any CPU.ActiveCfg = Release|Any CPU
		{CADF22DA-A5CA-42EC-8E2E-885C4A1720CB}.Release|Any CPU.Build.0 = Release|Any CPU
	EndGlobalSection
	GlobalSection(SolutionProperties) = preSolution
		HideSolutionNode = FALSE
	EndGlobalSection
	GlobalSection(NestedProjects) = preSolution
		{CADF22DA-A5CA-42EC-8E2E-885C4A1720CB} = {D3031DAE-90BA-4C60-8CBF-FB08BCA7873D}
	EndGlobalSection
EndGlobal
